
Microsoft Visual Studio Solution File, Format Version 12.00
# Visual Studio Version 16
VisualStudioVersion = 16.0.30309.148
MinimumVisualStudioVersion = 10.0.40219.1
Project("{FAE04EC0-301F-11D3-BF4B-00C04F79EFBC}") = "App1.Android", "App1\App1.Android\App1.Android.csproj", "{D40725C6-DBCE-4C07-B882-3137A317E799}"
EndProject
Project("{FAE04EC0-301F-11D3-BF4B-00C04F79EFBC}") = "App1.iOS", "App1\App1.iOS\App1.iOS.csproj", "{CE855EC6-1E79-4070-BE11-AE8E05EE3390}"
EndProject
Project("{9A19103F-16F7-4668-BE54-9A1E7A4F7556}") = "App1", "App1\App1\App1.csproj", "{4B1EF79E-B15A-4EE4-BB16-A14227C018ED}"
EndProject
Global
	GlobalSection(SolutionConfigurationPlatforms) = preSolution
		Debug|Any CPU = Debug|Any CPU
		Debug|iPhone = Debug|iPhone
		Debug|iPhoneSimulator = Debug|iPhoneSimulator
		Release|Any CPU = Release|Any CPU
		Release|iPhone = Release|iPhone
		Release|iPhoneSimulator = Release|iPhoneSimulator
	EndGlobalSection
	GlobalSection(ProjectConfigurationPlatforms) = postSolution
		{D40725C6-DBCE-4C07-B882-3137A317E799}.Debug|Any CPU.ActiveCfg = Debug|Any CPU
		{D40725C6-DBCE-4C07-B882-3137A317E799}.Debug|Any CPU.Build.0 = Debug|Any CPU
		{D40725C6-DBCE-4C07-B882-3137A317E799}.Debug|Any CPU.Deploy.0 = Debug|Any CPU
		{D40725C6-DBCE-4C07-B882-3137A317E799}.Debug|iPhone.ActiveCfg = Debug|Any CPU
		{D40725C6-DBCE-4C07-B882-3137A317E799}.Debug|iPhone.Build.0 = Debug|Any CPU
		{D40725C6-DBCE-4C07-B882-3137A317E799}.Debug|iPhone.Deploy.0 = Debug|Any CPU
		{D40725C6-DBCE-4C07-B882-3137A317E799}.Debug|iPhoneSimulator.ActiveCfg = Debug|Any CPU
		{D40725C6-DBCE-4C07-B882-3137A317E799}.Debug|iPhoneSimulator.Build.0 = Debug|Any CPU
		{D40725C6-DBCE-4C07-B882-3137A317E799}.Debug|iPhoneSimulator.Deploy.0 = Debug|Any CPU
		{D40725C6-DBCE-4C07-B882-3137A317E799}.Release|Any CPU.ActiveCfg = Release|Any CPU
		{D40725C6-DBCE-4C07-B882-3137A317E799}.Release|Any CPU.Build.0 = Release|Any CPU
		{D40725C6-DBCE-4C07-B882-3137A317E799}.Release|Any CPU.Deploy.0 = Release|Any CPU
		{D40725C6-DBCE-4C07-B882-3137A317E799}.Release|iPhone.ActiveCfg = Release|Any CPU
		{D40725C6-DBCE-4C07-B882-3137A317E799}.Release|iPhone.Build.0 = Release|Any CPU
		{D40725C6-DBCE-4C07-B882-3137A317E799}.Release|iPhone.Deploy.0 = Release|Any CPU
		{D40725C6-DBCE-4C07-B882-3137A317E799}.Release|iPhoneSimulator.ActiveCfg = Release|Any CPU
		{D40725C6-DBCE-4C07-B882-3137A317E799}.Release|iPhoneSimulator.Build.0 = Release|Any CPU
		{D40725C6-DBCE-4C07-B882-3137A317E799}.Release|iPhoneSimulator.Deploy.0 = Release|Any CPU
		{CE855EC6-1E79-4070-BE11-AE8E05EE3390}.Debug|Any CPU.ActiveCfg = Debug|iPhone
		{CE855EC6-1E79-4070-BE11-AE8E05EE3390}.Debug|Any CPU.Build.0 = Debug|iPhone
		{CE855EC6-1E79-4070-BE11-AE8E05EE3390}.Debug|Any CPU.Deploy.0 = Debug|iPhone
		{CE855EC6-1E79-4070-BE11-AE8E05EE3390}.Debug|iPhone.ActiveCfg = Debug|iPhone
		{CE855EC6-1E79-4070-BE11-AE8E05EE3390}.Debug|iPhone.Build.0 = Debug|iPhone
		{CE855EC6-1E79-4070-BE11-AE8E05EE3390}.Debug|iPhone.Deploy.0 = Debug|iPhone
		{CE855EC6-1E79-4070-BE11-AE8E05EE3390}.Debug|iPhoneSimulator.ActiveCfg = Debug|iPhoneSimulator
		{CE855EC6-1E79-4070-BE11-AE8E05EE3390}.Debug|iPhoneSimulator.Build.0 = Debug|iPhoneSimulator
		{CE855EC6-1E79-4070-BE11-AE8E05EE3390}.Debug|iPhoneSimulator.Deploy.0 = Debug|iPhoneSimulator
		{CE855EC6-1E79-4070-BE11-AE8E05EE3390}.Release|Any CPU.ActiveCfg = Release|iPhone
		{CE855EC6-1E79-4070-BE11-AE8E05EE3390}.Release|Any CPU.Build.0 = Release|iPhone
		{CE855EC6-1E79-4070-BE11-AE8E05EE3390}.Release|Any CPU.Deploy.0 = Release|iPhone
		{CE855EC6-1E79-4070-BE11-AE8E05EE3390}.Release|iPhone.ActiveCfg = Release|iPhone
		{CE855EC6-1E79-4070-BE11-AE8E05EE3390}.Release|iPhone.Build.0 = Release|iPhone
		{CE855EC6-1E79-4070-BE11-AE8E05EE3390}.Release|iPhone.Deploy.0 = Release|iPhone
		{CE855EC6-1E79-4070-BE11-AE8E05EE3390}.Release|iPhoneSimulator.ActiveCfg = Release|iPhoneSimulator
		{CE855EC6-1E79-4070-BE11-AE8E05EE3390}.Release|iPhoneSimulator.Build.0 = Release|iPhoneSimulator
		{CE855EC6-1E79-4070-BE11-AE8E05EE3390}.Release|iPhoneSimulator.Deploy.0 = Release|iPhoneSimulator
		{4B1EF79E-B15A-4EE4-BB16-A14227C018ED}.Debug|Any CPU.ActiveCfg = Debug|Any CPU
		{4B1EF79E-B15A-4EE4-BB16-A14227C018ED}.Debug|Any CPU.Build.0 = Debug|Any CPU
		{4B1EF79E-B15A-4EE4-BB16-A14227C018ED}.Debug|Any CPU.Deploy.0 = Debug|Any CPU
		{4B1EF79E-B15A-4EE4-BB16-A14227C018ED}.Debug|iPhone.ActiveCfg = Debug|Any CPU
		{4B1EF79E-B15A-4EE4-BB16-A14227C018ED}.Debug|iPhone.Build.0 = Debug|Any CPU
		{4B1EF79E-B15A-4EE4-BB16-A14227C018ED}.Debug|iPhone.Deploy.0 = Debug|Any CPU
		{4B1EF79E-B15A-4EE4-BB16-A14227C018ED}.Debug|iPhoneSimulator.ActiveCfg = Debug|Any CPU
		{4B1EF79E-B15A-4EE4-BB16-A14227C018ED}.Debug|iPhoneSimulator.Build.0 = Debug|Any CPU
		{4B1EF79E-B15A-4EE4-BB16-A14227C018ED}.Debug|iPhoneSimulator.Deploy.0 = Debug|Any CPU
		{4B1EF79E-B15A-4EE4-BB16-A14227C018ED}.Release|Any CPU.ActiveCfg = Release|Any CPU
		{4B1EF79E-B15A-4EE4-BB16-A14227C018ED}.Release|Any CPU.Build.0 = Release|Any CPU
		{4B1EF79E-B15A-4EE4-BB16-A14227C018ED}.Release|Any CPU.Deploy.0 = Release|Any CPU
		{4B1EF79E-B15A-4EE4-BB16-A14227C018ED}.Release|iPhone.ActiveCfg = Release|Any CPU
		{4B1EF79E-B15A-4EE4-BB16-A14227C018ED}.Release|iPhone.Build.0 = Release|Any CPU
		{4B1EF79E-B15A-4EE4-BB16-A14227C018ED}.Release|iPhone.Deploy.0 = Release|Any CPU
		{4B1EF79E-B15A-4EE4-BB16-A14227C018ED}.Release|iPhoneSimulator.ActiveCfg = Release|Any CPU
		{4B1EF79E-B15A-4EE4-BB16-A14227C018ED}.Release|iPhoneSimulator.Build.0 = Release|Any CPU
		{4B1EF79E-B15A-4EE4-BB16-A14227C018ED}.Release|iPhoneSimulator.Deploy.0 = Release|Any CPU
	EndGlobalSection
	GlobalSection(SolutionProperties) = preSolution
		HideSolutionNode = FALSE
	EndGlobalSection
	GlobalSection(ExtensibilityGlobals) = postSolution
		SolutionGuid = {663AE209-E1B8-42F4-B317-0F3E5F038BE2}
	EndGlobalSection
EndGlobal
